
Microsoft Visual Studio Solution File, Format Version 12.00
# Visual Studio Version 17
VisualStudioVersion = 17.10.35027.167
MinimumVisualStudioVersion = 10.0.40219.1
Project("{9A19103F-16F7-4668-BE54-9A1E7A4F7556}") = "Core", "Core\Core.csproj", "{E9653F10-EF0B-4C91-8B9A-7F6128B0AB0B}"
EndProject
Project("{9A19103F-16F7-4668-BE54-9A1E7A4F7556}") = "Engine", "Engine\Engine.csproj", "{8D6B6662-5F0C-42A0-B1E0-EE61C3C0B15E}"
EndProject
Project("{9A19103F-16F7-4668-BE54-9A1E7A4F7556}") = "Editor", "Editor\Editor.csproj", "{8A0CED75-6A48-4AA9-9C0E-C40428C3EF21}"
EndProject
Project("{9A19103F-16F7-4668-BE54-9A1E7A4F7556}") = "Sandbox", "Sandbox\Sandbox.csproj", "{6DB47F0A-26CB-4584-8AC7-0961AACA1EA8}"
EndProject
Project("{9A19103F-16F7-4668-BE54-9A1E7A4F7556}") = "Benchmarks", "Benchmarks\Benchmarks.csproj", "{90452373-C6A2-4767-A48B-E45BC2C29F0D}"
EndProject
Global
	GlobalSection(SolutionConfigurationPlatforms) = preSolution
		Debug|Any CPU = Debug|Any CPU
		Debug|x64 = Debug|x64
		Debug|x86 = Debug|x86
		Distro|Any CPU = Distro|Any CPU
		Distro|x64 = Distro|x64
		Distro|x86 = Distro|x86
		Release|Any CPU = Release|Any CPU
		Release|x64 = Release|x64
		Release|x86 = Release|x86
	EndGlobalSection
	GlobalSection(ProjectConfigurationPlatforms) = postSolution
		{E9653F10-EF0B-4C91-8B9A-7F6128B0AB0B}.Debug|Any CPU.ActiveCfg = Debug|Any CPU
		{E9653F10-EF0B-4C91-8B9A-7F6128B0AB0B}.Debug|Any CPU.Build.0 = Debug|Any CPU
		{E9653F10-EF0B-4C91-8B9A-7F6128B0AB0B}.Debug|x64.ActiveCfg = Debug|Any CPU
		{E9653F10-EF0B-4C91-8B9A-7F6128B0AB0B}.Debug|x64.Build.0 = Debug|Any CPU
		{E9653F10-EF0B-4C91-8B9A-7F6128B0AB0B}.Debug|x86.ActiveCfg = Debug|Any CPU
		{E9653F10-EF0B-4C91-8B9A-7F6128B0AB0B}.Debug|x86.Build.0 = Debug|Any CPU
		{E9653F10-EF0B-4C91-8B9A-7F6128B0AB0B}.Distro|Any CPU.ActiveCfg = Distro|Any CPU
		{E9653F10-EF0B-4C91-8B9A-7F6128B0AB0B}.Distro|Any CPU.Build.0 = Distro|Any CPU
		{E9653F10-EF0B-4C91-8B9A-7F6128B0AB0B}.Distro|x64.ActiveCfg = Distro|Any CPU
		{E9653F10-EF0B-4C91-8B9A-7F6128B0AB0B}.Distro|x64.Build.0 = Distro|Any CPU
		{E9653F10-EF0B-4C91-8B9A-7F6128B0AB0B}.Distro|x86.ActiveCfg = Distro|Any CPU
		{E9653F10-EF0B-4C91-8B9A-7F6128B0AB0B}.Distro|x86.Build.0 = Distro|Any CPU
		{E9653F10-EF0B-4C91-8B9A-7F6128B0AB0B}.Release|Any CPU.ActiveCfg = Release|Any CPU
		{E9653F10-EF0B-4C91-8B9A-7F6128B0AB0B}.Release|Any CPU.Build.0 = Release|Any CPU
		{E9653F10-EF0B-4C91-8B9A-7F6128B0AB0B}.Release|x64.ActiveCfg = Release|Any CPU
		{E9653F10-EF0B-4C91-8B9A-7F6128B0AB0B}.Release|x64.Build.0 = Release|Any CPU
		{E9653F10-EF0B-4C91-8B9A-7F6128B0AB0B}.Release|x86.ActiveCfg = Release|Any CPU
		{E9653F10-EF0B-4C91-8B9A-7F6128B0AB0B}.Release|x86.Build.0 = Release|Any CPU
		{8D6B6662-5F0C-42A0-B1E0-EE61C3C0B15E}.Debug|Any CPU.ActiveCfg = Debug|Any CPU
		{8D6B6662-5F0C-42A0-B1E0-EE61C3C0B15E}.Debug|Any CPU.Build.0 = Debug|Any CPU
		{8D6B6662-5F0C-42A0-B1E0-EE61C3C0B15E}.Debug|x64.ActiveCfg = Debug|Any CPU
		{8D6B6662-5F0C-42A0-B1E0-EE61C3C0B15E}.Debug|x64.Build.0 = Debug|Any CPU
		{8D6B6662-5F0C-42A0-B1E0-EE61C3C0B15E}.Debug|x86.ActiveCfg = Debug|Any CPU
		{8D6B6662-5F0C-42A0-B1E0-EE61C3C0B15E}.Debug|x86.Build.0 = Debug|Any CPU
		{8D6B6662-5F0C-42A0-B1E0-EE61C3C0B15E}.Distro|Any CPU.ActiveCfg = Distro|Any CPU
		{8D6B6662-5F0C-42A0-B1E0-EE61C3C0B15E}.Distro|Any CPU.Build.0 = Distro|Any CPU
		{8D6B6662-5F0C-42A0-B1E0-EE61C3C0B15E}.Distro|x64.ActiveCfg = Distro|Any CPU
		{8D6B6662-5F0C-42A0-B1E0-EE61C3C0B15E}.Distro|x64.Build.0 = Distro|Any CPU
		{8D6B6662-5F0C-42A0-B1E0-EE61C3C0B15E}.Distro|x86.ActiveCfg = Distro|Any CPU
		{8D6B6662-5F0C-42A0-B1E0-EE61C3C0B15E}.Distro|x86.Build.0 = Distro|Any CPU
		{8D6B6662-5F0C-42A0-B1E0-EE61C3C0B15E}.Release|Any CPU.ActiveCfg = Release|Any CPU
		{8D6B6662-5F0C-42A0-B1E0-EE61C3C0B15E}.Release|Any CPU.Build.0 = Release|Any CPU
		{8D6B6662-5F0C-42A0-B1E0-EE61C3C0B15E}.Release|x64.ActiveCfg = Release|Any CPU
		{8D6B6662-5F0C-42A0-B1E0-EE61C3C0B15E}.Release|x64.Build.0 = Release|Any CPU
		{8D6B6662-5F0C-42A0-B1E0-EE61C3C0B15E}.Release|x86.ActiveCfg = Release|Any CPU
		{8D6B6662-5F0C-42A0-B1E0-EE61C3C0B15E}.Release|x86.Build.0 = Release|Any CPU
		{8A0CED75-6A48-4AA9-9C0E-C40428C3EF21}.Debug|Any CPU.ActiveCfg = Debug|Any CPU
		{8A0CED75-6A48-4AA9-9C0E-C40428C3EF21}.Debug|Any CPU.Build.0 = Debug|Any CPU
		{8A0CED75-6A48-4AA9-9C0E-C40428C3EF21}.Debug|x64.ActiveCfg = Debug|Any CPU
		{8A0CED75-6A48-4AA9-9C0E-C40428C3EF21}.Debug|x64.Build.0 = Debug|Any CPU
		{8A0CED75-6A48-4AA9-9C0E-C40428C3EF21}.Debug|x86.ActiveCfg = Debug|Any CPU
		{8A0CED75-6A48-4AA9-9C0E-C40428C3EF21}.Debug|x86.Build.0 = Debug|Any CPU
		{8A0CED75-6A48-4AA9-9C0E-C40428C3EF21}.Distro|Any CPU.ActiveCfg = Distro|Any CPU
		{8A0CED75-6A48-4AA9-9C0E-C40428C3EF21}.Distro|Any CPU.Build.0 = Distro|Any CPU
		{8A0CED75-6A48-4AA9-9C0E-C40428C3EF21}.Distro|x64.ActiveCfg = Distro|Any CPU
		{8A0CED75-6A48-4AA9-9C0E-C40428C3EF21}.Distro|x64.Build.0 = Distro|Any CPU
		{8A0CED75-6A48-4AA9-9C0E-C40428C3EF21}.Distro|x86.ActiveCfg = Distro|Any CPU
		{8A0CED75-6A48-4AA9-9C0E-C40428C3EF21}.Distro|x86.Build.0 = Distro|Any CPU
		{8A0CED75-6A48-4AA9-9C0E-C40428C3EF21}.Release|Any CPU.ActiveCfg = Release|Any CPU
		{8A0CED75-6A48-4AA9-9C0E-C40428C3EF21}.Release|Any CPU.Build.0 = Release|Any CPU
		{8A0CED75-6A48-4AA9-9C0E-C40428C3EF21}.Release|x64.ActiveCfg = Release|Any CPU
		{8A0CED75-6A48-4AA9-9C0E-C40428C3EF21}.Release|x64.Build.0 = Release|Any CPU
		{8A0CED75-6A48-4AA9-9C0E-C40428C3EF21}.Release|x86.ActiveCfg = Release|Any CPU
		{8A0CED75-6A48-4AA9-9C0E-C40428C3EF21}.Release|x86.Build.0 = Release|Any CPU
		{6DB47F0A-26CB-4584-8AC7-0961AACA1EA8}.Debug|Any CPU.ActiveCfg = Debug|Any CPU
		{6DB47F0A-26CB-4584-8AC7-0961AACA1EA8}.Debug|Any CPU.Build.0 = Debug|Any CPU
		{6DB47F0A-26CB-4584-8AC7-0961AACA1EA8}.Debug|x64.ActiveCfg = Debug|Any CPU
		{6DB47F0A-26CB-4584-8AC7-0961AACA1EA8}.Debug|x64.Build.0 = Debug|Any CPU
		{6DB47F0A-26CB-4584-8AC7-0961AACA1EA8}.Debug|x86.ActiveCfg = Debug|Any CPU
		{6DB47F0A-26CB-4584-8AC7-0961AACA1EA8}.Debug|x86.Build.0 = Debug|Any CPU
		{6DB47F0A-26CB-4584-8AC7-0961AACA1EA8}.Distro|Any CPU.ActiveCfg = Distro|Any CPU
		{6DB47F0A-26CB-4584-8AC7-0961AACA1EA8}.Distro|Any CPU.Build.0 = Distro|Any CPU
		{6DB47F0A-26CB-4584-8AC7-0961AACA1EA8}.Distro|x64.ActiveCfg = Distro|Any CPU
		{6DB47F0A-26CB-4584-8AC7-0961AACA1EA8}.Distro|x64.Build.0 = Distro|Any CPU
		{6DB47F0A-26CB-4584-8AC7-0961AACA1EA8}.Distro|x86.ActiveCfg = Distro|Any CPU
		{6DB47F0A-26CB-4584-8AC7-0961AACA1EA8}.Distro|x86.Build.0 = Distro|Any CPU
		{6DB47F0A-26CB-4584-8AC7-0961AACA1EA8}.Release|Any CPU.ActiveCfg = Release|Any CPU
		{6DB47F0A-26CB-4584-8AC7-0961AACA1EA8}.Release|Any CPU.Build.0 = Release|Any CPU
		{6DB47F0A-26CB-4584-8AC7-0961AACA1EA8}.Release|x64.ActiveCfg = Release|Any CPU
		{6DB47F0A-26CB-4584-8AC7-0961AACA1EA8}.Release|x64.Build.0 = Release|Any CPU
		{6DB47F0A-26CB-4584-8AC7-0961AACA1EA8}.Release|x86.ActiveCfg = Release|Any CPU
		{6DB47F0A-26CB-4584-8AC7-0961AACA1EA8}.Release|x86.Build.0 = Release|Any CPU
		{90452373-C6A2-4767-A48B-E45BC2C29F0D}.Debug|Any CPU.ActiveCfg = Debug|Any CPU
		{90452373-C6A2-4767-A48B-E45BC2C29F0D}.Debug|Any CPU.Build.0 = Debug|Any CPU
		{90452373-C6A2-4767-A48B-E45BC2C29F0D}.Debug|x64.ActiveCfg = Debug|Any CPU
		{90452373-C6A2-4767-A48B-E45BC2C29F0D}.Debug|x64.Build.0 = Debug|Any CPU
		{90452373-C6A2-4767-A48B-E45BC2C29F0D}.Debug|x86.ActiveCfg = Debug|Any CPU
		{90452373-C6A2-4767-A48B-E45BC2C29F0D}.Debug|x86.Build.0 = Debug|Any CPU
		{90452373-C6A2-4767-A48B-E45BC2C29F0D}.Distro|Any CPU.ActiveCfg = Distro|Any CPU
		{90452373-C6A2-4767-A48B-E45BC2C29F0D}.Distro|Any CPU.Build.0 = Distro|Any CPU
		{90452373-C6A2-4767-A48B-E45BC2C29F0D}.Distro|x64.ActiveCfg = Distro|Any CPU
		{90452373-C6A2-4767-A48B-E45BC2C29F0D}.Distro|x64.Build.0 = Distro|Any CPU
		{90452373-C6A2-4767-A48B-E45BC2C29F0D}.Distro|x86.ActiveCfg = Debug|Any CPU
		{90452373-C6A2-4767-A48B-E45BC2C29F0D}.Distro|x86.Build.0 = Debug|Any CPU
		{90452373-C6A2-4767-A48B-E45BC2C29F0D}.Release|Any CPU.ActiveCfg = Release|Any CPU
		{90452373-C6A2-4767-A48B-E45BC2C29F0D}.Release|Any CPU.Build.0 = Release|Any CPU
		{90452373-C6A2-4767-A48B-E45BC2C29F0D}.Release|x64.ActiveCfg = Release|Any CPU
		{90452373-C6A2-4767-A48B-E45BC2C29F0D}.Release|x64.Build.0 = Release|Any CPU
		{90452373-C6A2-4767-A48B-E45BC2C29F0D}.Release|x86.ActiveCfg = Release|Any CPU
		{90452373-C6A2-4767-A48B-E45BC2C29F0D}.Release|x86.Build.0 = Release|Any CPU
	EndGlobalSection
	GlobalSection(SolutionProperties) = preSolution
		HideSolutionNode = FALSE
	EndGlobalSection
	GlobalSection(ExtensibilityGlobals) = postSolution
		SolutionGuid = {6276FF8E-DF0D-4F78-A393-FFAFC3D0892B}
	EndGlobalSection
EndGlobal
